// !$*UTF8*$!
{
	archiveVersion = 1;
	classes = {
	};
	objectVersion = 56;
	objects = {

/* Begin PBXBuildFile section */
		B52CA367297069080016E57A /* OnboardingView.swift in Sources */ = {isa = PBXBuildFile; fileRef = B52CA366297069080016E57A /* OnboardingView.swift */; };
		B54B970E296F0DBC00CCA631 /* GoFitApp.swift in Sources */ = {isa = PBXBuildFile; fileRef = B54B970D296F0DBC00CCA631 /* GoFitApp.swift */; };
		B54B9710296F0DBC00CCA631 /* HomeView.swift in Sources */ = {isa = PBXBuildFile; fileRef = B54B970F296F0DBC00CCA631 /* HomeView.swift */; };
		B54B9712296F0DBF00CCA631 /* Assets.xcassets in Resources */ = {isa = PBXBuildFile; fileRef = B54B9711296F0DBF00CCA631 /* Assets.xcassets */; };
		B54B9715296F0DBF00CCA631 /* Preview Assets.xcassets in Resources */ = {isa = PBXBuildFile; fileRef = B54B9714296F0DBF00CCA631 /* Preview Assets.xcassets */; };
		B54B971E296F168600CCA631 /* LogoView.swift in Sources */ = {isa = PBXBuildFile; fileRef = B54B971D296F168600CCA631 /* LogoView.swift */; };
		B54B9721296F25A600CCA631 /* FeaturedWorkOutCard.swift in Sources */ = {isa = PBXBuildFile; fileRef = B54B9720296F25A600CCA631 /* FeaturedWorkOutCard.swift */; };
		B54B9724296F3E3000CCA631 /* LevelWorkOut.swift in Sources */ = {isa = PBXBuildFile; fileRef = B54B9723296F3E3000CCA631 /* LevelWorkOut.swift */; };
		B54B9727296F488500CCA631 /* TabViewCustom.swift in Sources */ = {isa = PBXBuildFile; fileRef = B54B9726296F488500CCA631 /* TabViewCustom.swift */; };
		B54B972A296F4ED200CCA631 /* GoFitModel.swift in Sources */ = {isa = PBXBuildFile; fileRef = B54B9729296F4ED200CCA631 /* GoFitModel.swift */; };
		B54B972D296F518B00CCA631 /* GoFitViewModel.swift in Sources */ = {isa = PBXBuildFile; fileRef = B54B972C296F518B00CCA631 /* GoFitViewModel.swift */; };
		B57F63E529719AF30023C6A2 /* SwiftUIView.swift in Sources */ = {isa = PBXBuildFile; fileRef = B57F63E429719AF30023C6A2 /* SwiftUIView.swift */; };
		B57F63E82971AF570023C6A2 /* DiscoveryView.swift in Sources */ = {isa = PBXBuildFile; fileRef = B57F63E72971AF570023C6A2 /* DiscoveryView.swift */; };
		B57F63EA2971CEED0023C6A2 /* UserModel.swift in Sources */ = {isa = PBXBuildFile; fileRef = B57F63E92971CEED0023C6A2 /* UserModel.swift */; };
		B57F63ED2976DDA40023C6A2 /* TellUsAboutYourselfView.swift in Sources */ = {isa = PBXBuildFile; fileRef = B57F63EC2976DDA40023C6A2 /* TellUsAboutYourselfView.swift */; };
		B57F63EF2976E4700023C6A2 /* HowOldAreYouView.swift in Sources */ = {isa = PBXBuildFile; fileRef = B57F63EE2976E4700023C6A2 /* HowOldAreYouView.swift */; };
		B57F63F1297703DF0023C6A2 /* WhatIsYourWeightView.swift in Sources */ = {isa = PBXBuildFile; fileRef = B57F63F0297703DF0023C6A2 /* WhatIsYourWeightView.swift */; };
		B57F63F3297709B90023C6A2 /* WhatIsYourHeightView.swift in Sources */ = {isa = PBXBuildFile; fileRef = B57F63F2297709B90023C6A2 /* WhatIsYourHeightView.swift */; };
		B5BC74F92978519E00841EA4 /* ProfileView.swift in Sources */ = {isa = PBXBuildFile; fileRef = B5BC74F82978519E00841EA4 /* ProfileView.swift */; };
		B5BC74FC29787B8700841EA4 /* BottomSheetView.swift in Sources */ = {isa = PBXBuildFile; fileRef = B5BC74FB29787B8700841EA4 /* BottomSheetView.swift */; };
		B5F5C83A297816FE006C3088 /* InsigthView.swift in Sources */ = {isa = PBXBuildFile; fileRef = B5F5C839297816FE006C3088 /* InsigthView.swift */; };
/* End PBXBuildFile section */

/* Begin PBXFileReference section */
		B52CA366297069080016E57A /* OnboardingView.swift */ = {isa = PBXFileReference; lastKnownFileType = sourcecode.swift; path = OnboardingView.swift; sourceTree = "<group>"; };
		B54B970A296F0DBC00CCA631 /* GoFit.app */ = {isa = PBXFileReference; explicitFileType = wrapper.application; includeInIndex = 0; path = GoFit.app; sourceTree = BUILT_PRODUCTS_DIR; };
		B54B970D296F0DBC00CCA631 /* GoFitApp.swift */ = {isa = PBXFileReference; lastKnownFileType = sourcecode.swift; path = GoFitApp.swift; sourceTree = "<group>"; };
		B54B970F296F0DBC00CCA631 /* HomeView.swift */ = {isa = PBXFileReference; lastKnownFileType = sourcecode.swift; path = HomeView.swift; sourceTree = "<group>"; };
		B54B9711296F0DBF00CCA631 /* Assets.xcassets */ = {isa = PBXFileReference; lastKnownFileType = folder.assetcatalog; path = Assets.xcassets; sourceTree = "<group>"; };
		B54B9714296F0DBF00CCA631 /* Preview Assets.xcassets */ = {isa = PBXFileReference; lastKnownFileType = folder.assetcatalog; path = "Preview Assets.xcassets"; sourceTree = "<group>"; };
		B54B971D296F168600CCA631 /* LogoView.swift */ = {isa = PBXFileReference; lastKnownFileType = sourcecode.swift; path = LogoView.swift; sourceTree = "<group>"; };
		B54B9720296F25A600CCA631 /* FeaturedWorkOutCard.swift */ = {isa = PBXFileReference; lastKnownFileType = sourcecode.swift; path = FeaturedWorkOutCard.swift; sourceTree = "<group>"; };
		B54B9723296F3E3000CCA631 /* LevelWorkOut.swift */ = {isa = PBXFileReference; lastKnownFileType = sourcecode.swift; path = LevelWorkOut.swift; sourceTree = "<group>"; };
		B54B9726296F488500CCA631 /* TabViewCustom.swift */ = {isa = PBXFileReference; lastKnownFileType = sourcecode.swift; path = TabViewCustom.swift; sourceTree = "<group>"; };
		B54B9729296F4ED200CCA631 /* GoFitModel.swift */ = {isa = PBXFileReference; lastKnownFileType = sourcecode.swift; path = GoFitModel.swift; sourceTree = "<group>"; };
		B54B972C296F518B00CCA631 /* GoFitViewModel.swift */ = {isa = PBXFileReference; lastKnownFileType = sourcecode.swift; path = GoFitViewModel.swift; sourceTree = "<group>"; };
		B57F63E429719AF30023C6A2 /* SwiftUIView.swift */ = {isa = PBXFileReference; lastKnownFileType = sourcecode.swift; path = SwiftUIView.swift; sourceTree = "<group>"; };
		B57F63E72971AF570023C6A2 /* DiscoveryView.swift */ = {isa = PBXFileReference; lastKnownFileType = sourcecode.swift; path = DiscoveryView.swift; sourceTree = "<group>"; };
		B57F63E92971CEED0023C6A2 /* UserModel.swift */ = {isa = PBXFileReference; lastKnownFileType = sourcecode.swift; path = UserModel.swift; sourceTree = "<group>"; };
		B57F63EC2976DDA40023C6A2 /* TellUsAboutYourselfView.swift */ = {isa = PBXFileReference; lastKnownFileType = sourcecode.swift; path = TellUsAboutYourselfView.swift; sourceTree = "<group>"; };
		B57F63EE2976E4700023C6A2 /* HowOldAreYouView.swift */ = {isa = PBXFileReference; lastKnownFileType = sourcecode.swift; path = HowOldAreYouView.swift; sourceTree = "<group>"; };
		B57F63F0297703DF0023C6A2 /* WhatIsYourWeightView.swift */ = {isa = PBXFileReference; lastKnownFileType = sourcecode.swift; path = WhatIsYourWeightView.swift; sourceTree = "<group>"; };
		B57F63F2297709B90023C6A2 /* WhatIsYourHeightView.swift */ = {isa = PBXFileReference; lastKnownFileType = sourcecode.swift; path = WhatIsYourHeightView.swift; sourceTree = "<group>"; };
		B5BC74F82978519E00841EA4 /* ProfileView.swift */ = {isa = PBXFileReference; lastKnownFileType = sourcecode.swift; path = ProfileView.swift; sourceTree = "<group>"; };
		B5BC74FB29787B8700841EA4 /* BottomSheetView.swift */ = {isa = PBXFileReference; lastKnownFileType = sourcecode.swift; path = BottomSheetView.swift; sourceTree = "<group>"; };
		B5F5C839297816FE006C3088 /* InsigthView.swift */ = {isa = PBXFileReference; lastKnownFileType = sourcecode.swift; path = InsigthView.swift; sourceTree = "<group>"; };
/* End PBXFileReference section */

/* Begin PBXFrameworksBuildPhase section */
		B54B9707296F0DBC00CCA631 /* Frameworks */ = {
			isa = PBXFrameworksBuildPhase;
			buildActionMask = 2147483647;
			files = (
			);
			runOnlyForDeploymentPostprocessing = 0;
		};
/* End PBXFrameworksBuildPhase section */

/* Begin PBXGroup section */
		B52CA3642970623F0016E57A /* Home */ = {
			isa = PBXGroup;
			children = (
				B5BC74FA29787B7800841EA4 /* BottomSheet */,
				B54B9725296F487600CCA631 /* TabViewCustom */,
				B54B9722296F3E1300CCA631 /* SectionLevelWorkout */,
				B54B971F296F256200CCA631 /* SectionFeaturedWorkOut */,
				B54B970F296F0DBC00CCA631 /* HomeView.swift */,
			);
			path = Home;
			sourceTree = "<group>";
		};
		B52CA365297068F50016E57A /* Onboarding */ = {
			isa = PBXGroup;
			children = (
				B52CA366297069080016E57A /* OnboardingView.swift */,
			);
			path = Onboarding;
			sourceTree = "<group>";
		};
		B54B9701296F0DBB00CCA631 = {
			isa = PBXGroup;
			children = (
				B54B970C296F0DBC00CCA631 /* GoFit */,
				B54B970B296F0DBC00CCA631 /* Products */,
			);
			sourceTree = "<group>";
		};
		B54B970B296F0DBC00CCA631 /* Products */ = {
			isa = PBXGroup;
			children = (
				B54B970A296F0DBC00CCA631 /* GoFit.app */,
			);
			name = Products;
			sourceTree = "<group>";
		};
		B54B970C296F0DBC00CCA631 /* GoFit */ = {
			isa = PBXGroup;
			children = (
				B54B972B296F517700CCA631 /* ViewModel */,
				B54B9728296F4EC700CCA631 /* Model */,
				B54B971B296F142700CCA631 /* View */,
				B54B970D296F0DBC00CCA631 /* GoFitApp.swift */,
				B54B9711296F0DBF00CCA631 /* Assets.xcassets */,
				B54B9713296F0DBF00CCA631 /* Preview Content */,
				B57F63E429719AF30023C6A2 /* SwiftUIView.swift */,
			);
			path = GoFit;
			sourceTree = "<group>";
		};
		B54B9713296F0DBF00CCA631 /* Preview Content */ = {
			isa = PBXGroup;
			children = (
				B54B9714296F0DBF00CCA631 /* Preview Assets.xcassets */,
			);
			path = "Preview Content";
			sourceTree = "<group>";
		};
		B54B971B296F142700CCA631 /* View */ = {
			isa = PBXGroup;
			children = (
				B5BC74F72978519100841EA4 /* Profile */,
				B5F5C838297816EA006C3088 /* Insigth */,
				B57F63EB2976DCF40023C6A2 /* Login */,
				B54B971C296F167500CCA631 /* LogoView */,
				B57F63E62971AF460023C6A2 /* Discovery */,
				B52CA365297068F50016E57A /* Onboarding */,
				B52CA3642970623F0016E57A /* Home */,
			);
			path = View;
			sourceTree = "<group>";
		};
		B54B971C296F167500CCA631 /* LogoView */ = {
			isa = PBXGroup;
			children = (
				B54B971D296F168600CCA631 /* LogoView.swift */,
			);
			path = LogoView;
			sourceTree = "<group>";
		};
		B54B971F296F256200CCA631 /* SectionFeaturedWorkOut */ = {
			isa = PBXGroup;
			children = (
				B54B9720296F25A600CCA631 /* FeaturedWorkOutCard.swift */,
			);
			path = SectionFeaturedWorkOut;
			sourceTree = "<group>";
		};
		B54B9722296F3E1300CCA631 /* SectionLevelWorkout */ = {
			isa = PBXGroup;
			children = (
				B54B9723296F3E3000CCA631 /* LevelWorkOut.swift */,
			);
			path = SectionLevelWorkout;
			sourceTree = "<group>";
		};
		B54B9725296F487600CCA631 /* TabViewCustom */ = {
			isa = PBXGroup;
			children = (
				B54B9726296F488500CCA631 /* TabViewCustom.swift */,
			);
			path = TabViewCustom;
			sourceTree = "<group>";
		};
		B54B9728296F4EC700CCA631 /* Model */ = {
			isa = PBXGroup;
			children = (
				B54B9729296F4ED200CCA631 /* GoFitModel.swift */,
				B57F63E92971CEED0023C6A2 /* UserModel.swift */,
			);
			path = Model;
			sourceTree = "<group>";
		};
		B54B972B296F517700CCA631 /* ViewModel */ = {
			isa = PBXGroup;
			children = (
				B54B972C296F518B00CCA631 /* GoFitViewModel.swift */,
			);
			path = ViewModel;
			sourceTree = "<group>";
		};
		B57F63E62971AF460023C6A2 /* Discovery */ = {
			isa = PBXGroup;
			children = (
				B57F63E72971AF570023C6A2 /* DiscoveryView.swift */,
			);
			path = Discovery;
			sourceTree = "<group>";
		};
		B57F63EB2976DCF40023C6A2 /* Login */ = {
			isa = PBXGroup;
			children = (
				B57F63EC2976DDA40023C6A2 /* TellUsAboutYourselfView.swift */,
				B57F63EE2976E4700023C6A2 /* HowOldAreYouView.swift */,
				B57F63F0297703DF0023C6A2 /* WhatIsYourWeightView.swift */,
				B57F63F2297709B90023C6A2 /* WhatIsYourHeightView.swift */,
			);
			path = Login;
			sourceTree = "<group>";
		};
		B5BC74F72978519100841EA4 /* Profile */ = {
			isa = PBXGroup;
			children = (
				B5BC74F82978519E00841EA4 /* ProfileView.swift */,
			);
			path = Profile;
			sourceTree = "<group>";
		};
		B5BC74FA29787B7800841EA4 /* BottomSheet */ = {
			isa = PBXGroup;
			children = (
				B5BC74FB29787B8700841EA4 /* BottomSheetView.swift */,
			);
			path = BottomSheet;
			sourceTree = "<group>";
		};
		B5F5C838297816EA006C3088 /* Insigth */ = {
			isa = PBXGroup;
			children = (
				B5F5C839297816FE006C3088 /* InsigthView.swift */,
			);
			path = Insigth;
			sourceTree = "<group>";
		};
/* End PBXGroup section */

/* Begin PBXNativeTarget section */
		B54B9709296F0DBC00CCA631 /* GoFit */ = {
			isa = PBXNativeTarget;
			buildConfigurationList = B54B9718296F0DBF00CCA631 /* Build configuration list for PBXNativeTarget "GoFit" */;
			buildPhases = (
				B54B9706296F0DBC00CCA631 /* Sources */,
				B54B9707296F0DBC00CCA631 /* Frameworks */,
				B54B9708296F0DBC00CCA631 /* Resources */,
			);
			buildRules = (
			);
			dependencies = (
			);
			name = GoFit;
			productName = GoFit;
			productReference = B54B970A296F0DBC00CCA631 /* GoFit.app */;
			productType = "com.apple.product-type.application";
		};
/* End PBXNativeTarget section */

/* Begin PBXProject section */
		B54B9702296F0DBB00CCA631 /* Project object */ = {
			isa = PBXProject;
			attributes = {
				BuildIndependentTargetsInParallel = 1;
				LastSwiftUpdateCheck = 1400;
				LastUpgradeCheck = 1400;
				TargetAttributes = {
					B54B9709296F0DBC00CCA631 = {
						CreatedOnToolsVersion = 14.0.1;
					};
				};
			};
			buildConfigurationList = B54B9705296F0DBB00CCA631 /* Build configuration list for PBXProject "GoFit" */;
			compatibilityVersion = "Xcode 14.0";
			developmentRegion = en;
			hasScannedForEncodings = 0;
			knownRegions = (
				en,
				Base,
			);
			mainGroup = B54B9701296F0DBB00CCA631;
			productRefGroup = B54B970B296F0DBC00CCA631 /* Products */;
			projectDirPath = "";
			projectRoot = "";
			targets = (
				B54B9709296F0DBC00CCA631 /* GoFit */,
			);
		};
/* End PBXProject section */

/* Begin PBXResourcesBuildPhase section */
		B54B9708296F0DBC00CCA631 /* Resources */ = {
			isa = PBXResourcesBuildPhase;
			buildActionMask = 2147483647;
			files = (
				B54B9715296F0DBF00CCA631 /* Preview Assets.xcassets in Resources */,
				B54B9712296F0DBF00CCA631 /* Assets.xcassets in Resources */,
			);
			runOnlyForDeploymentPostprocessing = 0;
		};
/* End PBXResourcesBuildPhase section */

/* Begin PBXSourcesBuildPhase section */
		B54B9706296F0DBC00CCA631 /* Sources */ = {
			isa = PBXSourcesBuildPhase;
			buildActionMask = 2147483647;
			files = (
				B54B971E296F168600CCA631 /* LogoView.swift in Sources */,
				B54B9721296F25A600CCA631 /* FeaturedWorkOutCard.swift in Sources */,
				B54B9724296F3E3000CCA631 /* LevelWorkOut.swift in Sources */,
				B52CA367297069080016E57A /* OnboardingView.swift in Sources */,
				B57F63ED2976DDA40023C6A2 /* TellUsAboutYourselfView.swift in Sources */,
				B57F63E529719AF30023C6A2 /* SwiftUIView.swift in Sources */,
				B57F63EF2976E4700023C6A2 /* HowOldAreYouView.swift in Sources */,
				B54B9710296F0DBC00CCA631 /* HomeView.swift in Sources */,
				B57F63F3297709B90023C6A2 /* WhatIsYourHeightView.swift in Sources */,
				B5F5C83A297816FE006C3088 /* InsigthView.swift in Sources */,
				B5BC74FC29787B8700841EA4 /* BottomSheetView.swift in Sources */,
				B5BC74F92978519E00841EA4 /* ProfileView.swift in Sources */,
				B57F63E82971AF570023C6A2 /* DiscoveryView.swift in Sources */,
				B54B972D296F518B00CCA631 /* GoFitViewModel.swift in Sources */,
				B54B970E296F0DBC00CCA631 /* GoFitApp.swift in Sources */,
				B54B972A296F4ED200CCA631 /* GoFitModel.swift in Sources */,
				B57F63EA2971CEED0023C6A2 /* UserModel.swift in Sources */,
				B57F63F1297703DF0023C6A2 /* WhatIsYourWeightView.swift in Sources */,
				B54B9727296F488500CCA631 /* TabViewCustom.swift in Sources */,
			);
			runOnlyForDeploymentPostprocessing = 0;
		};
/* End PBXSourcesBuildPhase section */

/* Begin XCBuildConfiguration section */
		B54B9716296F0DBF00CCA631 /* Debug */ = {
			isa = XCBuildConfiguration;
			buildSettings = {
				ALWAYS_SEARCH_USER_PATHS = NO;
				CLANG_ANALYZER_NONNULL = YES;
				CLANG_ANALYZER_NUMBER_OBJECT_CONVERSION = YES_AGGRESSIVE;
				CLANG_CXX_LANGUAGE_STANDARD = "gnu++20";
				CLANG_ENABLE_MODULES = YES;
				CLANG_ENABLE_OBJC_ARC = YES;
				CLANG_ENABLE_OBJC_WEAK = YES;
				CLANG_WARN_BLOCK_CAPTURE_AUTORELEASING = YES;
				CLANG_WARN_BOOL_CONVERSION = YES;
				CLANG_WARN_COMMA = YES;
				CLANG_WARN_CONSTANT_CONVERSION = YES;
				CLANG_WARN_DEPRECATED_OBJC_IMPLEMENTATIONS = YES;
				CLANG_WARN_DIRECT_OBJC_ISA_USAGE = YES_ERROR;
				CLANG_WARN_DOCUMENTATION_COMMENTS = YES;
				CLANG_WARN_EMPTY_BODY = YES;
				CLANG_WARN_ENUM_CONVERSION = YES;
				CLANG_WARN_INFINITE_RECURSION = YES;
				CLANG_WARN_INT_CONVERSION = YES;
				CLANG_WARN_NON_LITERAL_NULL_CONVERSION = YES;
				CLANG_WARN_OBJC_IMPLICIT_RETAIN_SELF = YES;
				CLANG_WARN_OBJC_LITERAL_CONVERSION = YES;
				CLANG_WARN_OBJC_ROOT_CLASS = YES_ERROR;
				CLANG_WARN_QUOTED_INCLUDE_IN_FRAMEWORK_HEADER = YES;
				CLANG_WARN_RANGE_LOOP_ANALYSIS = YES;
				CLANG_WARN_STRICT_PROTOTYPES = YES;
				CLANG_WARN_SUSPICIOUS_MOVE = YES;
				CLANG_WARN_UNGUARDED_AVAILABILITY = YES_AGGRESSIVE;
				CLANG_WARN_UNREACHABLE_CODE = YES;
				CLANG_WARN__DUPLICATE_METHOD_MATCH = YES;
				COPY_PHASE_STRIP = NO;
				DEBUG_INFORMATION_FORMAT = dwarf;
				ENABLE_STRICT_OBJC_MSGSEND = YES;
				ENABLE_TESTABILITY = YES;
				GCC_C_LANGUAGE_STANDARD = gnu11;
				GCC_DYNAMIC_NO_PIC = NO;
				GCC_NO_COMMON_BLOCKS = YES;
				GCC_OPTIMIZATION_LEVEL = 0;
				GCC_PREPROCESSOR_DEFINITIONS = (
					"DEBUG=1",
					"$(inherited)",
				);
				GCC_WARN_64_TO_32_BIT_CONVERSION = YES;
				GCC_WARN_ABOUT_RETURN_TYPE = YES_ERROR;
				GCC_WARN_UNDECLARED_SELECTOR = YES;
				GCC_WARN_UNINITIALIZED_AUTOS = YES_AGGRESSIVE;
				GCC_WARN_UNUSED_FUNCTION = YES;
				GCC_WARN_UNUSED_VARIABLE = YES;
				IPHONEOS_DEPLOYMENT_TARGET = 16.0;
				MTL_ENABLE_DEBUG_INFO = INCLUDE_SOURCE;
				MTL_FAST_MATH = YES;
				ONLY_ACTIVE_ARCH = YES;
				SDKROOT = iphoneos;
				SWIFT_ACTIVE_COMPILATION_CONDITIONS = DEBUG;
				SWIFT_OPTIMIZATION_LEVEL = "-Onone";
			};
			name = Debug;
		};
		B54B9717296F0DBF00CCA631 /* Release */ = {
			isa = XCBuildConfiguration;
			buildSettings = {
				ALWAYS_SEARCH_USER_PATHS = NO;
				CLANG_ANALYZER_NONNULL = YES;
				CLANG_ANALYZER_NUMBER_OBJECT_CONVERSION = YES_AGGRESSIVE;
				CLANG_CXX_LANGUAGE_STANDARD = "gnu++20";
				CLANG_ENABLE_MODULES = YES;
				CLANG_ENABLE_OBJC_ARC = YES;
				CLANG_ENABLE_OBJC_WEAK = YES;
				CLANG_WARN_BLOCK_CAPTURE_AUTORELEASING = YES;
				CLANG_WARN_BOOL_CONVERSION = YES;
				CLANG_WARN_COMMA = YES;
				CLANG_WARN_CONSTANT_CONVERSION = YES;
				CLANG_WARN_DEPRECATED_OBJC_IMPLEMENTATIONS = YES;
				CLANG_WARN_DIRECT_OBJC_ISA_USAGE = YES_ERROR;
				CLANG_WARN_DOCUMENTATION_COMMENTS = YES;
				CLANG_WARN_EMPTY_BODY = YES;
				CLANG_WARN_ENUM_CONVERSION = YES;
				CLANG_WARN_INFINITE_RECURSION = YES;
				CLANG_WARN_INT_CONVERSION = YES;
				CLANG_WARN_NON_LITERAL_NULL_CONVERSION = YES;
				CLANG_WARN_OBJC_IMPLICIT_RETAIN_SELF = YES;
				CLANG_WARN_OBJC_LITERAL_CONVERSION = YES;
				CLANG_WARN_OBJC_ROOT_CLASS = YES_ERROR;
				CLANG_WARN_QUOTED_INCLUDE_IN_FRAMEWORK_HEADER = YES;
				CLANG_WARN_RANGE_LOOP_ANALYSIS = YES;
				CLANG_WARN_STRICT_PROTOTYPES = YES;
				CLANG_WARN_SUSPICIOUS_MOVE = YES;
				CLANG_WARN_UNGUARDED_AVAILABILITY = YES_AGGRESSIVE;
				CLANG_WARN_UNREACHABLE_CODE = YES;
				CLANG_WARN__DUPLICATE_METHOD_MATCH = YES;
				COPY_PHASE_STRIP = NO;
				DEBUG_INFORMATION_FORMAT = "dwarf-with-dsym";
				ENABLE_NS_ASSERTIONS = NO;
				ENABLE_STRICT_OBJC_MSGSEND = YES;
				GCC_C_LANGUAGE_STANDARD = gnu11;
				GCC_NO_COMMON_BLOCKS = YES;
				GCC_WARN_64_TO_32_BIT_CONVERSION = YES;
				GCC_WARN_ABOUT_RETURN_TYPE = YES_ERROR;
				GCC_WARN_UNDECLARED_SELECTOR = YES;
				GCC_WARN_UNINITIALIZED_AUTOS = YES_AGGRESSIVE;
				GCC_WARN_UNUSED_FUNCTION = YES;
				GCC_WARN_UNUSED_VARIABLE = YES;
				IPHONEOS_DEPLOYMENT_TARGET = 16.0;
				MTL_ENABLE_DEBUG_INFO = NO;
				MTL_FAST_MATH = YES;
				SDKROOT = iphoneos;
				SWIFT_COMPILATION_MODE = wholemodule;
				SWIFT_OPTIMIZATION_LEVEL = "-O";
				VALIDATE_PRODUCT = YES;
			};
			name = Release;
		};
		B54B9719296F0DBF00CCA631 /* Debug */ = {
			isa = XCBuildConfiguration;
			buildSettings = {
				ASSETCATALOG_COMPILER_APPICON_NAME = AppIcon;
				ASSETCATALOG_COMPILER_GLOBAL_ACCENT_COLOR_NAME = AccentColor;
				CODE_SIGN_STYLE = Automatic;
				CURRENT_PROJECT_VERSION = 1;
				DEVELOPMENT_ASSET_PATHS = "\"GoFit/Preview Content\"";
				DEVELOPMENT_TEAM = 2VX9TQZ48A;
				ENABLE_PREVIEWS = YES;
				GENERATE_INFOPLIST_FILE = YES;
				INFOPLIST_KEY_UIApplicationSceneManifest_Generation = YES;
				INFOPLIST_KEY_UIApplicationSupportsIndirectInputEvents = YES;
				INFOPLIST_KEY_UILaunchScreen_Generation = YES;
				INFOPLIST_KEY_UISupportedInterfaceOrientations = UIInterfaceOrientationPortrait;
				LD_RUNPATH_SEARCH_PATHS = (
					"$(inherited)",
					"@executable_path/Frameworks",
				);
				MARKETING_VERSION = 1.0;
				PRODUCT_BUNDLE_IDENTIFIER = juancruz.GoFit;
				PRODUCT_NAME = "$(TARGET_NAME)";
				SWIFT_EMIT_LOC_STRINGS = YES;
				SWIFT_VERSION = 5.0;
				TARGETED_DEVICE_FAMILY = "1,2";
			};
			name = Debug;
		};
		B54B971A296F0DBF00CCA631 /* Release */ = {
			isa = XCBuildConfiguration;
			buildSettings = {
				ASSETCATALOG_COMPILER_APPICON_NAME = AppIcon;
				ASSETCATALOG_COMPILER_GLOBAL_ACCENT_COLOR_NAME = AccentColor;
				CODE_SIGN_STYLE = Automatic;
				CURRENT_PROJECT_VERSION = 1;
				DEVELOPMENT_ASSET_PATHS = "\"GoFit/Preview Content\"";
				DEVELOPMENT_TEAM = 2VX9TQZ48A;
				ENABLE_PREVIEWS = YES;
				GENERATE_INFOPLIST_FILE = YES;
				INFOPLIST_KEY_UIApplicationSceneManifest_Generation = YES;
				INFOPLIST_KEY_UIApplicationSupportsIndirectInputEvents = YES;
				INFOPLIST_KEY_UILaunchScreen_Generation = YES;
				INFOPLIST_KEY_UISupportedInterfaceOrientations = UIInterfaceOrientationPortrait;
				LD_RUNPATH_SEARCH_PATHS = (
					"$(inherited)",
					"@executable_path/Frameworks",
				);
				MARKETING_VERSION = 1.0;
				PRODUCT_BUNDLE_IDENTIFIER = juancruz.GoFit;
				PRODUCT_NAME = "$(TARGET_NAME)";
				SWIFT_EMIT_LOC_STRINGS = YES;
				SWIFT_VERSION = 5.0;
				TARGETED_DEVICE_FAMILY = "1,2";
			};
			name = Release;
		};
/* End XCBuildConfiguration section */

/* Begin XCConfigurationList section */
		B54B9705296F0DBB00CCA631 /* Build configuration list for PBXProject "GoFit" */ = {
			isa = XCConfigurationList;
			buildConfigurations = (
				B54B9716296F0DBF00CCA631 /* Debug */,
				B54B9717296F0DBF00CCA631 /* Release */,
			);
			defaultConfigurationIsVisible = 0;
			defaultConfigurationName = Release;
		};
		B54B9718296F0DBF00CCA631 /* Build configuration list for PBXNativeTarget "GoFit" */ = {
			isa = XCConfigurationList;
			buildConfigurations = (
				B54B9719296F0DBF00CCA631 /* Debug */,
				B54B971A296F0DBF00CCA631 /* Release */,
			);
			defaultConfigurationIsVisible = 0;
			defaultConfigurationName = Release;
		};
/* End XCConfigurationList section */
	};
	rootObject = B54B9702296F0DBB00CCA631 /* Project object */;
}
